
Microsoft Visual Studio Solution File, Format Version 12.00
# Visual Studio Version 17
VisualStudioVersion = 17.1.32210.238
MinimumVisualStudioVersion = 10.0.40219.1
Project("{8BC9CEB8-8B4A-11D0-8D11-00A0C91BC942}") = "FOORT", "FOORT\FOORT.vcxproj", "{D8ADEA74-E273-4593-B617-8689A42AD348}"
EndProject
Project("{8BC9CEB8-8B4A-11D0-8D11-00A0C91BC942}") = "Benchmarking", "Benchmarking\Benchmarking.vcxproj", "{F554689C-B690-4E85-BC46-CF01076F9B50}"
EndProject
Project("{2150E333-8FDC-42A3-9474-1A3956D46DE8}") = "Solution Items", "Solution Items", "{7D9B188F-0084-42C0-8263-E0C60985271C}"
	ProjectSection(SolutionItems) = preProject
		TODO.txt = TODO.txt
	EndProjectSection
EndProject
Global
	GlobalSection(SolutionConfigurationPlatforms) = preSolution
		Debug|ARM = Debug|ARM
		Debug|ARM64 = Debug|ARM64
		Debug|x64 = Debug|x64
		Debug|x86 = Debug|x86
		Release|ARM = Release|ARM
		Release|ARM64 = Release|ARM64
		Release|x64 = Release|x64
		Release|x86 = Release|x86
	EndGlobalSection
	GlobalSection(ProjectConfigurationPlatforms) = postSolution
		{D8ADEA74-E273-4593-B617-8689A42AD348}.Debug|ARM.ActiveCfg = Debug|x64
		{D8ADEA74-E273-4593-B617-8689A42AD348}.Debug|ARM.Build.0 = Debug|x64
		{D8ADEA74-E273-4593-B617-8689A42AD348}.Debug|ARM64.ActiveCfg = Debug|x64
		{D8ADEA74-E273-4593-B617-8689A42AD348}.Debug|ARM64.Build.0 = Debug|x64
		{D8ADEA74-E273-4593-B617-8689A42AD348}.Debug|x64.ActiveCfg = Debug|x64
		{D8ADEA74-E273-4593-B617-8689A42AD348}.Debug|x64.Build.0 = Debug|x64
		{D8ADEA74-E273-4593-B617-8689A42AD348}.Debug|x86.ActiveCfg = Debug|Win32
		{D8ADEA74-E273-4593-B617-8689A42AD348}.Debug|x86.Build.0 = Debug|Win32
		{D8ADEA74-E273-4593-B617-8689A42AD348}.Release|ARM.ActiveCfg = Release|x64
		{D8ADEA74-E273-4593-B617-8689A42AD348}.Release|ARM.Build.0 = Release|x64
		{D8ADEA74-E273-4593-B617-8689A42AD348}.Release|ARM64.ActiveCfg = Release|x64
		{D8ADEA74-E273-4593-B617-8689A42AD348}.Release|ARM64.Build.0 = Release|x64
		{D8ADEA74-E273-4593-B617-8689A42AD348}.Release|x64.ActiveCfg = Release|x64
		{D8ADEA74-E273-4593-B617-8689A42AD348}.Release|x64.Build.0 = Release|x64
		{D8ADEA74-E273-4593-B617-8689A42AD348}.Release|x86.ActiveCfg = Release|Win32
		{D8ADEA74-E273-4593-B617-8689A42AD348}.Release|x86.Build.0 = Release|Win32
		{F554689C-B690-4E85-BC46-CF01076F9B50}.Debug|ARM.ActiveCfg = Debug|x64
		{F554689C-B690-4E85-BC46-CF01076F9B50}.Debug|ARM.Build.0 = Debug|x64
		{F554689C-B690-4E85-BC46-CF01076F9B50}.Debug|ARM64.ActiveCfg = Debug|x64
		{F554689C-B690-4E85-BC46-CF01076F9B50}.Debug|ARM64.Build.0 = Debug|x64
		{F554689C-B690-4E85-BC46-CF01076F9B50}.Debug|x64.ActiveCfg = Debug|x64
		{F554689C-B690-4E85-BC46-CF01076F9B50}.Debug|x64.Build.0 = Debug|x64
		{F554689C-B690-4E85-BC46-CF01076F9B50}.Debug|x86.ActiveCfg = Debug|Win32
		{F554689C-B690-4E85-BC46-CF01076F9B50}.Debug|x86.Build.0 = Debug|Win32
		{F554689C-B690-4E85-BC46-CF01076F9B50}.Release|ARM.ActiveCfg = Release|x64
		{F554689C-B690-4E85-BC46-CF01076F9B50}.Release|ARM.Build.0 = Release|x64
		{F554689C-B690-4E85-BC46-CF01076F9B50}.Release|ARM64.ActiveCfg = Release|x64
		{F554689C-B690-4E85-BC46-CF01076F9B50}.Release|ARM64.Build.0 = Release|x64
		{F554689C-B690-4E85-BC46-CF01076F9B50}.Release|x64.ActiveCfg = Release|x64
		{F554689C-B690-4E85-BC46-CF01076F9B50}.Release|x64.Build.0 = Release|x64
		{F554689C-B690-4E85-BC46-CF01076F9B50}.Release|x86.ActiveCfg = Release|Win32
		{F554689C-B690-4E85-BC46-CF01076F9B50}.Release|x86.Build.0 = Release|Win32
	EndGlobalSection
	GlobalSection(SolutionProperties) = preSolution
		HideSolutionNode = FALSE
	EndGlobalSection
	GlobalSection(ExtensibilityGlobals) = postSolution
		SolutionGuid = {CDAAF303-FABD-4289-A9A5-DED56575CA86}
	EndGlobalSection
EndGlobal
